
Microsoft Visual Studio Solution File, Format Version 12.00
# Visual Studio Version 16
VisualStudioVersion = 16.0.30907.101
MinimumVisualStudioVersion = 10.0.40219.1
Project("{FAE04EC0-301F-11D3-BF4B-00C04F79EFBC}") = "ClassMetotDemo", "ClassMetotDemo\ClassMetotDemo.csproj", "{78D022A5-E723-4F25-876F-7D079F1F62FD}"
EndProject
Global
	GlobalSection(SolutionConfigurationPlatforms) = preSolution
		Debug|Any CPU = Debug|Any CPU
		Release|Any CPU = Release|Any CPU
	EndGlobalSection
	GlobalSection(ProjectConfigurationPlatforms) = postSolution
		{78D022A5-E723-4F25-876F-7D079F1F62FD}.Debug|Any CPU.ActiveCfg = Debug|Any CPU
		{78D022A5-E723-4F25-876F-7D079F1F62FD}.Debug|Any CPU.Build.0 = Debug|Any CPU
		{78D022A5-E723-4F25-876F-7D079F1F62FD}.Release|Any CPU.ActiveCfg = Release|Any CPU
		{78D022A5-E723-4F25-876F-7D079F1F62FD}.Release|Any CPU.Build.0 = Release|Any CPU
	EndGlobalSection
	GlobalSection(SolutionProperties) = preSolution
		HideSolutionNode = FALSE
	EndGlobalSection
	GlobalSection(ExtensibilityGlobals) = postSolution
		SolutionGuid = {D05C7F55-B27A-40BE-B6D9-8DACA12310D2}
	EndGlobalSection
EndGlobal
